
Microsoft Visual Studio Solution File, Format Version 12.00
# Visual Studio Version 17
VisualStudioVersion = 17.9.34607.119
MinimumVisualStudioVersion = 10.0.40219.1
Project("{FAE04EC0-301F-11D3-BF4B-00C04F79EFBC}") = "casestudy095", "buru\casestudy095.csproj", "{894571D3-3757-4C9B-A583-5563DC58DF20}"
EndProject
Global
	GlobalSection(SolutionConfigurationPlatforms) = preSolution
		Debug|Any CPU = Debug|Any CPU
		Release|Any CPU = Release|Any CPU
	EndGlobalSection
	GlobalSection(ProjectConfigurationPlatforms) = postSolution
		{894571D3-3757-4C9B-A583-5563DC58DF20}.Debug|Any CPU.ActiveCfg = Debug|Any CPU
		{894571D3-3757-4C9B-A583-5563DC58DF20}.Debug|Any CPU.Build.0 = Debug|Any CPU
		{894571D3-3757-4C9B-A583-5563DC58DF20}.Release|Any CPU.ActiveCfg = Release|Any CPU
		{894571D3-3757-4C9B-A583-5563DC58DF20}.Release|Any CPU.Build.0 = Release|Any CPU
	EndGlobalSection
	GlobalSection(SolutionProperties) = preSolution
		HideSolutionNode = FALSE
	EndGlobalSection
	GlobalSection(ExtensibilityGlobals) = postSolution
		SolutionGuid = {D57BBB6F-38FE-4BFE-8001-48D27F8FA970}
	EndGlobalSection
EndGlobal
